<?xml version="1.0" encoding="utf-8"?>
<Project ToolsVersion="4.0" xmlns="http://schemas.microsoft.com/developer/msbuild/2003">
  <ItemGroup>
    <Filter Include="源文件">
      <UniqueIdentifier>{4FC737F1-C7A5-4376-A066-2A32D752A2FF}</UniqueIdentifier>
      <Extensions>cpp;c;cc;cxx;def;odl;idl;hpj;bat;asm;asmx</Extensions>
    </Filter>
    <Filter Include="头文件">
      <UniqueIdentifier>{93995380-89BD-4b04-88EB-625FBE52EBFB}</UniqueIdentifier>
      <Extensions>h;hh;hpp;hxx;hm;inl;inc;ipp;xsd</Extensions>
    </Filter>
    <Filter Include="资源文件">
      <UniqueIdentifier>{67DA6AB6-F800-4c08-8B7A-83BB121AAD01}</UniqueIdentifier>
      <Extensions>rc;ico;cur;bmp;dlg;rc2;rct;bin;rgs;gif;jpg;jpeg;jpe;resx;tiff;tif;png;wav;mfcribbon-ms</Extensions>
    </Filter>
  </ItemGroup>
  <ItemGroup>
    <ClCompile Include="左旋转字符串.cpp">
      <Filter>源文件</Filter>
    </ClCompile>
    <ClCompile Include="滑动窗口的最大值.cpp">
      <Filter>源文件</Filter>
    </ClCompile>
    <ClCompile Include="二维数组的查找.cpp">
      <Filter>源文件</Filter>
    </ClCompile>
    <ClCompile Include="替换空格.cpp">
      <Filter>源文件</Filter>
    </ClCompile>
    <ClCompile Include="从尾到头打印链表.cpp">
      <Filter>源文件</Filter>
    </ClCompile>
    <ClCompile Include="重建二叉树.cpp">
      <Filter>源文件</Filter>
    </ClCompile>
    <ClCompile Include="用两个栈实现队列.cpp">
      <Filter>源文件</Filter>
    </ClCompile>
    <ClCompile Include="斐波那契数列.cpp">
      <Filter>源文件</Filter>
    </ClCompile>
    <ClCompile Include="青蛙跳台阶问题.cpp">
      <Filter>源文件</Filter>
    </ClCompile>
    <ClCompile Include="旋转数组的最小数字.cpp">
      <Filter>源文件</Filter>
    </ClCompile>
    <ClCompile Include="二进制中1的个数.cpp">
      <Filter>源文件</Filter>
    </ClCompile>
    <ClCompile Include="数值的整数次方.cpp">
      <Filter>源文件</Filter>
    </ClCompile>
    <ClCompile Include="删除链表的节点.cpp">
      <Filter>源文件</Filter>
    </ClCompile>
    <ClCompile Include="调整数组顺序使奇数位于偶数前面.cpp">
      <Filter>源文件</Filter>
    </ClCompile>
    <ClCompile Include="二叉树的镜像.cpp">
      <Filter>源文件</Filter>
    </ClCompile>
    <ClCompile Include="链表中倒数第k个节点.cpp">
      <Filter>源文件</Filter>
    </ClCompile>
    <ClCompile Include="反转链表.cpp">
      <Filter>源文件</Filter>
    </ClCompile>
    <ClCompile Include="数组中重复的数字.cpp">
      <Filter>源文件</Filter>
    </ClCompile>
    <ClCompile Include="打印从1到最大的n位数.cpp">
      <Filter>源文件</Filter>
    </ClCompile>
    <ClCompile Include="合并两个排序的链表.cpp">
      <Filter>源文件</Filter>
    </ClCompile>
    <ClCompile Include="树的子结构.cpp">
      <Filter>源文件</Filter>
    </ClCompile>
    <ClCompile Include="对称的二叉树.cpp">
      <Filter>源文件</Filter>
    </ClCompile>
    <ClCompile Include="顺时针打印矩阵.cpp">
      <Filter>源文件</Filter>
    </ClCompile>
    <ClCompile Include="栈的压入弹出序列.cpp">
      <Filter>源文件</Filter>
    </ClCompile>
    <ClCompile Include="从上到下打印二叉树.cpp">
      <Filter>源文件</Filter>
    </ClCompile>
    <ClCompile Include="从上到下打印二叉树II.cpp">
      <Filter>源文件</Filter>
    </ClCompile>
    <ClCompile Include="从上到下打印二叉树III.cpp">
      <Filter>源文件</Filter>
    </ClCompile>
    <ClCompile Include="删除排序链表中的重复元素.cpp">
      <Filter>源文件</Filter>
    </ClCompile>
    <ClCompile Include="删除排序链表中的重复元素II.cpp">
      <Filter>源文件</Filter>
    </ClCompile>
    <ClCompile Include="二叉搜索树的后续遍历序列.cpp">
      <Filter>源文件</Filter>
    </ClCompile>
    <ClCompile Include="旋转链表.cpp">
      <Filter>源文件</Filter>
    </ClCompile>
    <ClCompile Include="二叉搜索树迭代器.cpp">
      <Filter>源文件</Filter>
    </ClCompile>
    <ClCompile Include="复杂链表的复制.cpp">
      <Filter>源文件</Filter>
    </ClCompile>
    <ClCompile Include="颠倒二进制位.cpp">
      <Filter>源文件</Filter>
    </ClCompile>
    <ClCompile Include="数组中出现次数超过一半的数字.cpp">
      <Filter>源文件</Filter>
    </ClCompile>
    <ClCompile Include="搜索二维矩阵.cpp">
      <Filter>源文件</Filter>
    </ClCompile>
    <ClCompile Include="最小的k个数.cpp">
      <Filter>源文件</Filter>
    </ClCompile>
    <ClCompile Include="子集II.cpp">
      <Filter>源文件</Filter>
    </ClCompile>
    <ClCompile Include="子集.cpp">
      <Filter>源文件</Filter>
    </ClCompile>
    <ClCompile Include="笨阶乘.cpp">
      <Filter>源文件</Filter>
    </ClCompile>
    <ClCompile Include="直方图的水量.cpp">
      <Filter>源文件</Filter>
    </ClCompile>
    <ClCompile Include="合并两个有序数组.cpp">
      <Filter>源文件</Filter>
    </ClCompile>
    <ClCompile Include="删除有序数组中的重复项II.cpp">
      <Filter>源文件</Filter>
    </ClCompile>
    <ClCompile Include="删除有序数组的重复项.cpp">
      <Filter>源文件</Filter>
    </ClCompile>
    <ClCompile Include="搜索旋转排序数组II.cpp">
      <Filter>源文件</Filter>
    </ClCompile>
    <ClCompile Include="搜索旋转排序数组.cpp">
      <Filter>源文件</Filter>
    </ClCompile>
    <ClCompile Include="寻找排序旋转数组的最小值.cpp">
      <Filter>源文件</Filter>
    </ClCompile>
    <ClCompile Include="寻找旋转排序数组中的最小值II.cpp">
      <Filter>源文件</Filter>
    </ClCompile>
    <ClCompile Include="丑数.cpp">
      <Filter>源文件</Filter>
    </ClCompile>
    <ClCompile Include="剑指offer丑数.cpp">
      <Filter>源文件</Filter>
    </ClCompile>
    <ClCompile Include="丑数II.cpp">
      <Filter>源文件</Filter>
    </ClCompile>
    <ClCompile Include="最大数.cpp">
      <Filter>源文件</Filter>
    </ClCompile>
    <ClCompile Include="二叉搜索树节点最小距离.cpp">
      <Filter>源文件</Filter>
    </ClCompile>
    <ClCompile Include="实现Trie(前缀树).cpp">
      <Filter>源文件</Filter>
    </ClCompile>
    <ClCompile Include="打家劫舍II.cpp">
      <Filter>源文件</Filter>
    </ClCompile>
    <ClCompile Include="打家劫舍.cpp">
      <Filter>源文件</Filter>
    </ClCompile>
    <ClCompile Include="扰乱字符串.cpp">
      <Filter>源文件</Filter>
    </ClCompile>
    <ClCompile Include="存在重复元素.cpp">
      <Filter>源文件</Filter>
    </ClCompile>
  </ItemGroup>
  <ItemGroup>
    <ClInclude Include="ListNode.h">
      <Filter>头文件</Filter>
    </ClInclude>
    <ClInclude Include="TreeNode.h">
      <Filter>头文件</Filter>
    </ClInclude>
  </ItemGroup>
</Project>